// !$*UTF8*$!
{
	archiveVersion = 1;
	classes = {
	};
	objectVersion = 51;
	objects = {

/* Begin PBXBuildFile section */
		293C749C268175E000E925C0 /* PopUp1ViewController.swift in Sources */ = {isa = PBXBuildFile; fileRef = 293C749B268175E000E925C0 /* PopUp1ViewController.swift */; };
		293C749E26817DAD00E925C0 /* UIViewControllerExtension.swift in Sources */ = {isa = PBXBuildFile; fileRef = 293C749D26817DAD00E925C0 /* UIViewControllerExtension.swift */; };
		293C74A026817FE200E925C0 /* PopUp2ViewController.swift in Sources */ = {isa = PBXBuildFile; fileRef = 293C749F26817FE200E925C0 /* PopUp2ViewController.swift */; };
		293C74A226817FF000E925C0 /* PopUp3ViewController.swift in Sources */ = {isa = PBXBuildFile; fileRef = 293C74A126817FF000E925C0 /* PopUp3ViewController.swift */; };
		2944B5CF268059BA009BF09C /* CollectionViewCell.swift in Sources */ = {isa = PBXBuildFile; fileRef = 2944B5CE268059BA009BF09C /* CollectionViewCell.swift */; };
		2944B5D12680773B009BF09C /* HorizontalProgressBar.swift in Sources */ = {isa = PBXBuildFile; fileRef = 2944B5D02680773B009BF09C /* HorizontalProgressBar.swift */; };
		297DA9B0267C80AC00AC8088 /* AppDelegate.swift in Sources */ = {isa = PBXBuildFile; fileRef = 297DA9AF267C80AC00AC8088 /* AppDelegate.swift */; };
		297DA9B2267C80AC00AC8088 /* SceneDelegate.swift in Sources */ = {isa = PBXBuildFile; fileRef = 297DA9B1267C80AC00AC8088 /* SceneDelegate.swift */; };
		297DA9B4267C80AC00AC8088 /* MainViewController.swift in Sources */ = {isa = PBXBuildFile; fileRef = 297DA9B3267C80AC00AC8088 /* MainViewController.swift */; };
		297DA9B7267C80AC00AC8088 /* Main.storyboard in Resources */ = {isa = PBXBuildFile; fileRef = 297DA9B5267C80AC00AC8088 /* Main.storyboard */; };
		297DA9B9267C80AF00AC8088 /* Assets.xcassets in Resources */ = {isa = PBXBuildFile; fileRef = 297DA9B8267C80AF00AC8088 /* Assets.xcassets */; };
		297DA9BC267C80AF00AC8088 /* LaunchScreen.storyboard in Resources */ = {isa = PBXBuildFile; fileRef = 297DA9BA267C80AF00AC8088 /* LaunchScreen.storyboard */; };
		297DA9C6267C80F700AC8088 /* UIViewExtension.swift in Sources */ = {isa = PBXBuildFile; fileRef = 297DA9C5267C80F700AC8088 /* UIViewExtension.swift */; };
		297DA9C9267C90EE00AC8088 /* TableViewCell.swift in Sources */ = {isa = PBXBuildFile; fileRef = 297DA9C8267C90EE00AC8088 /* TableViewCell.swift */; };
		299937BF267DC86C00C44C04 /* PageViewController.swift in Sources */ = {isa = PBXBuildFile; fileRef = 299937BE267DC86C00C44C04 /* PageViewController.swift */; };
		55FD93FB825FB745BFCFD3E6 /* Pods_TotalityTask.framework in Frameworks */ = {isa = PBXBuildFile; fileRef = EB2310595191A128322706A2 /* Pods_TotalityTask.framework */; };
/* End PBXBuildFile section */

/* Begin PBXFileReference section */
		293C749B268175E000E925C0 /* PopUp1ViewController.swift */ = {isa = PBXFileReference; lastKnownFileType = sourcecode.swift; path = PopUp1ViewController.swift; sourceTree = "<group>"; };
		293C749D26817DAD00E925C0 /* UIViewControllerExtension.swift */ = {isa = PBXFileReference; lastKnownFileType = sourcecode.swift; path = UIViewControllerExtension.swift; sourceTree = "<group>"; };
		293C749F26817FE200E925C0 /* PopUp2ViewController.swift */ = {isa = PBXFileReference; lastKnownFileType = sourcecode.swift; path = PopUp2ViewController.swift; sourceTree = "<group>"; };
		293C74A126817FF000E925C0 /* PopUp3ViewController.swift */ = {isa = PBXFileReference; lastKnownFileType = sourcecode.swift; path = PopUp3ViewController.swift; sourceTree = "<group>"; };
		2944B5CE268059BA009BF09C /* CollectionViewCell.swift */ = {isa = PBXFileReference; lastKnownFileType = sourcecode.swift; path = CollectionViewCell.swift; sourceTree = "<group>"; };
		2944B5D02680773B009BF09C /* HorizontalProgressBar.swift */ = {isa = PBXFileReference; lastKnownFileType = sourcecode.swift; path = HorizontalProgressBar.swift; sourceTree = "<group>"; };
		297DA9AC267C80AC00AC8088 /* TotalityTask.app */ = {isa = PBXFileReference; explicitFileType = wrapper.application; includeInIndex = 0; path = TotalityTask.app; sourceTree = BUILT_PRODUCTS_DIR; };
		297DA9AF267C80AC00AC8088 /* AppDelegate.swift */ = {isa = PBXFileReference; lastKnownFileType = sourcecode.swift; path = AppDelegate.swift; sourceTree = "<group>"; };
		297DA9B1267C80AC00AC8088 /* SceneDelegate.swift */ = {isa = PBXFileReference; lastKnownFileType = sourcecode.swift; path = SceneDelegate.swift; sourceTree = "<group>"; };
		297DA9B3267C80AC00AC8088 /* MainViewController.swift */ = {isa = PBXFileReference; lastKnownFileType = sourcecode.swift; path = MainViewController.swift; sourceTree = "<group>"; };
		297DA9B6267C80AC00AC8088 /* Base */ = {isa = PBXFileReference; lastKnownFileType = file.storyboard; name = Base; path = Base.lproj/Main.storyboard; sourceTree = "<group>"; };
		297DA9B8267C80AF00AC8088 /* Assets.xcassets */ = {isa = PBXFileReference; lastKnownFileType = folder.assetcatalog; path = Assets.xcassets; sourceTree = "<group>"; };
		297DA9BB267C80AF00AC8088 /* Base */ = {isa = PBXFileReference; lastKnownFileType = file.storyboard; name = Base; path = Base.lproj/LaunchScreen.storyboard; sourceTree = "<group>"; };
		297DA9BD267C80AF00AC8088 /* Info.plist */ = {isa = PBXFileReference; lastKnownFileType = text.plist.xml; path = Info.plist; sourceTree = "<group>"; };
		297DA9C5267C80F700AC8088 /* UIViewExtension.swift */ = {isa = PBXFileReference; lastKnownFileType = sourcecode.swift; path = UIViewExtension.swift; sourceTree = "<group>"; };
		297DA9C8267C90EE00AC8088 /* TableViewCell.swift */ = {isa = PBXFileReference; lastKnownFileType = sourcecode.swift; path = TableViewCell.swift; sourceTree = "<group>"; };
		299937BE267DC86C00C44C04 /* PageViewController.swift */ = {isa = PBXFileReference; lastKnownFileType = sourcecode.swift; path = PageViewController.swift; sourceTree = "<group>"; };
		532D57144ED0AB931838C85E /* Pods-TotalityTask.release.xcconfig */ = {isa = PBXFileReference; includeInIndex = 1; lastKnownFileType = text.xcconfig; name = "Pods-TotalityTask.release.xcconfig"; path = "Target Support Files/Pods-TotalityTask/Pods-TotalityTask.release.xcconfig"; sourceTree = "<group>"; };
		E1CD73BDDDBE5699C575913F /* Pods-TotalityTask.debug.xcconfig */ = {isa = PBXFileReference; includeInIndex = 1; lastKnownFileType = text.xcconfig; name = "Pods-TotalityTask.debug.xcconfig"; path = "Target Support Files/Pods-TotalityTask/Pods-TotalityTask.debug.xcconfig"; sourceTree = "<group>"; };
		EB2310595191A128322706A2 /* Pods_TotalityTask.framework */ = {isa = PBXFileReference; explicitFileType = wrapper.framework; includeInIndex = 0; path = Pods_TotalityTask.framework; sourceTree = BUILT_PRODUCTS_DIR; };
/* End PBXFileReference section */

/* Begin PBXFrameworksBuildPhase section */
		297DA9A9267C80AC00AC8088 /* Frameworks */ = {
			isa = PBXFrameworksBuildPhase;
			buildActionMask = 2147483647;
			files = (
				55FD93FB825FB745BFCFD3E6 /* Pods_TotalityTask.framework in Frameworks */,
			);
			runOnlyForDeploymentPostprocessing = 0;
		};
/* End PBXFrameworksBuildPhase section */

/* Begin PBXGroup section */
		0A9B40FDC073160AD9BEDE4A /* Pods */ = {
			isa = PBXGroup;
			children = (
				E1CD73BDDDBE5699C575913F /* Pods-TotalityTask.debug.xcconfig */,
				532D57144ED0AB931838C85E /* Pods-TotalityTask.release.xcconfig */,
			);
			path = Pods;
			sourceTree = "<group>";
		};
		297DA9A3267C80AC00AC8088 = {
			isa = PBXGroup;
			children = (
				297DA9AE267C80AC00AC8088 /* TotalityTask */,
				297DA9AD267C80AC00AC8088 /* Products */,
				0A9B40FDC073160AD9BEDE4A /* Pods */,
				4BE02F27096EE7964FEDB195 /* Frameworks */,
			);
			sourceTree = "<group>";
		};
		297DA9AD267C80AC00AC8088 /* Products */ = {
			isa = PBXGroup;
			children = (
				297DA9AC267C80AC00AC8088 /* TotalityTask.app */,
			);
			name = Products;
			sourceTree = "<group>";
		};
		297DA9AE267C80AC00AC8088 /* TotalityTask */ = {
			isa = PBXGroup;
			children = (
				297DA9C7267C90B700AC8088 /* Views */,
				297DA9C4267C80C400AC8088 /* Extensions */,
				297DA9C3267C80BC00AC8088 /* Controllers */,
				297DA9AF267C80AC00AC8088 /* AppDelegate.swift */,
				297DA9B1267C80AC00AC8088 /* SceneDelegate.swift */,
				297DA9B5267C80AC00AC8088 /* Main.storyboard */,
				297DA9B8267C80AF00AC8088 /* Assets.xcassets */,
				297DA9BA267C80AF00AC8088 /* LaunchScreen.storyboard */,
				297DA9BD267C80AF00AC8088 /* Info.plist */,
			);
			path = TotalityTask;
			sourceTree = "<group>";
		};
		297DA9C3267C80BC00AC8088 /* Controllers */ = {
			isa = PBXGroup;
			children = (
				297DA9B3267C80AC00AC8088 /* MainViewController.swift */,
				299937BE267DC86C00C44C04 /* PageViewController.swift */,
				293C749B268175E000E925C0 /* PopUp1ViewController.swift */,
				293C749F26817FE200E925C0 /* PopUp2ViewController.swift */,
				293C74A126817FF000E925C0 /* PopUp3ViewController.swift */,
			);
			path = Controllers;
			sourceTree = "<group>";
		};
		297DA9C4267C80C400AC8088 /* Extensions */ = {
			isa = PBXGroup;
			children = (
				297DA9C5267C80F700AC8088 /* UIViewExtension.swift */,
				293C749D26817DAD00E925C0 /* UIViewControllerExtension.swift */,
			);
			path = Extensions;
			sourceTree = "<group>";
		};
		297DA9C7267C90B700AC8088 /* Views */ = {
			isa = PBXGroup;
			children = (
				297DA9C8267C90EE00AC8088 /* TableViewCell.swift */,
				2944B5CE268059BA009BF09C /* CollectionViewCell.swift */,
				2944B5D02680773B009BF09C /* HorizontalProgressBar.swift */,
			);
			path = Views;
			sourceTree = "<group>";
		};
		4BE02F27096EE7964FEDB195 /* Frameworks */ = {
			isa = PBXGroup;
			children = (
				EB2310595191A128322706A2 /* Pods_TotalityTask.framework */,
			);
			name = Frameworks;
			sourceTree = "<group>";
		};
/* End PBXGroup section */

/* Begin PBXNativeTarget section */
		297DA9AB267C80AC00AC8088 /* TotalityTask */ = {
			isa = PBXNativeTarget;
			buildConfigurationList = 297DA9C0267C80AF00AC8088 /* Build configuration list for PBXNativeTarget "TotalityTask" */;
			buildPhases = (
				C1268B2A6605B56B27A749BD /* [CP] Check Pods Manifest.lock */,
				297DA9A8267C80AC00AC8088 /* Sources */,
				297DA9A9267C80AC00AC8088 /* Frameworks */,
				297DA9AA267C80AC00AC8088 /* Resources */,
				DB75AB2471C5C45619184A05 /* [CP] Embed Pods Frameworks */,
			);
			buildRules = (
			);
			dependencies = (
			);
			name = TotalityTask;
			productName = TotalityTask;
			productReference = 297DA9AC267C80AC00AC8088 /* TotalityTask.app */;
			productType = "com.apple.product-type.application";
		};
/* End PBXNativeTarget section */

/* Begin PBXProject section */
		297DA9A4267C80AC00AC8088 /* Project object */ = {
			isa = PBXProject;
			attributes = {
				LastSwiftUpdateCheck = 1250;
				LastUpgradeCheck = 1250;
				TargetAttributes = {
					297DA9AB267C80AC00AC8088 = {
						CreatedOnToolsVersion = 12.5;
					};
				};
			};
			buildConfigurationList = 297DA9A7267C80AC00AC8088 /* Build configuration list for PBXProject "TotalityTask" */;
			compatibilityVersion = "Xcode 9.3";
			developmentRegion = en;
			hasScannedForEncodings = 0;
			knownRegions = (
				en,
				Base,
			);
			mainGroup = 297DA9A3267C80AC00AC8088;
			productRefGroup = 297DA9AD267C80AC00AC8088 /* Products */;
			projectDirPath = "";
			projectRoot = "";
			targets = (
				297DA9AB267C80AC00AC8088 /* TotalityTask */,
			);
		};
/* End PBXProject section */

/* Begin PBXResourcesBuildPhase section */
		297DA9AA267C80AC00AC8088 /* Resources */ = {
			isa = PBXResourcesBuildPhase;
			buildActionMask = 2147483647;
			files = (
				297DA9BC267C80AF00AC8088 /* LaunchScreen.storyboard in Resources */,
				297DA9B9267C80AF00AC8088 /* Assets.xcassets in Resources */,
				297DA9B7267C80AC00AC8088 /* Main.storyboard in Resources */,
			);
			runOnlyForDeploymentPostprocessing = 0;
		};
/* End PBXResourcesBuildPhase section */

/* Begin PBXShellScriptBuildPhase section */
		C1268B2A6605B56B27A749BD /* [CP] Check Pods Manifest.lock */ = {
			isa = PBXShellScriptBuildPhase;
			buildActionMask = 2147483647;
			files = (
			);
			inputFileListPaths = (
			);
			inputPaths = (
				"${PODS_PODFILE_DIR_PATH}/Podfile.lock",
				"${PODS_ROOT}/Manifest.lock",
			);
			name = "[CP] Check Pods Manifest.lock";
			outputFileListPaths = (
			);
			outputPaths = (
				"$(DERIVED_FILE_DIR)/Pods-TotalityTask-checkManifestLockResult.txt",
			);
			runOnlyForDeploymentPostprocessing = 0;
			shellPath = /bin/sh;
			shellScript = "diff \"${PODS_PODFILE_DIR_PATH}/Podfile.lock\" \"${PODS_ROOT}/Manifest.lock\" > /dev/null\nif [ $? != 0 ] ; then\n    # print error to STDERR\n    echo \"error: The sandbox is not in sync with the Podfile.lock. Run 'pod install' or update your CocoaPods installation.\" >&2\n    exit 1\nfi\n# This output is used by Xcode 'outputs' to avoid re-running this script phase.\necho \"SUCCESS\" > \"${SCRIPT_OUTPUT_FILE_0}\"\n";
			showEnvVarsInLog = 0;
		};
		DB75AB2471C5C45619184A05 /* [CP] Embed Pods Frameworks */ = {
			isa = PBXShellScriptBuildPhase;
			buildActionMask = 2147483647;
			files = (
			);
			inputFileListPaths = (
				"${PODS_ROOT}/Target Support Files/Pods-TotalityTask/Pods-TotalityTask-frameworks-${CONFIGURATION}-input-files.xcfilelist",
			);
			name = "[CP] Embed Pods Frameworks";
			outputFileListPaths = (
				"${PODS_ROOT}/Target Support Files/Pods-TotalityTask/Pods-TotalityTask-frameworks-${CONFIGURATION}-output-files.xcfilelist",
			);
			runOnlyForDeploymentPostprocessing = 0;
			shellPath = /bin/sh;
			shellScript = "\"${PODS_ROOT}/Target Support Files/Pods-TotalityTask/Pods-TotalityTask-frameworks.sh\"\n";
			showEnvVarsInLog = 0;
		};
/* End PBXShellScriptBuildPhase section */

/* Begin PBXSourcesBuildPhase section */
		297DA9A8267C80AC00AC8088 /* Sources */ = {
			isa = PBXSourcesBuildPhase;
			buildActionMask = 2147483647;
			files = (
				297DA9C9267C90EE00AC8088 /* TableViewCell.swift in Sources */,
				297DA9B4267C80AC00AC8088 /* MainViewController.swift in Sources */,
				2944B5D12680773B009BF09C /* HorizontalProgressBar.swift in Sources */,
				293C74A226817FF000E925C0 /* PopUp3ViewController.swift in Sources */,
				297DA9B0267C80AC00AC8088 /* AppDelegate.swift in Sources */,
				293C74A026817FE200E925C0 /* PopUp2ViewController.swift in Sources */,
				2944B5CF268059BA009BF09C /* CollectionViewCell.swift in Sources */,
				299937BF267DC86C00C44C04 /* PageViewController.swift in Sources */,
				297DA9C6267C80F700AC8088 /* UIViewExtension.swift in Sources */,
				297DA9B2267C80AC00AC8088 /* SceneDelegate.swift in Sources */,
				293C749E26817DAD00E925C0 /* UIViewControllerExtension.swift in Sources */,
				293C749C268175E000E925C0 /* PopUp1ViewController.swift in Sources */,
			);
			runOnlyForDeploymentPostprocessing = 0;
		};
/* End PBXSourcesBuildPhase section */

/* Begin PBXVariantGroup section */
		297DA9B5267C80AC00AC8088 /* Main.storyboard */ = {
			isa = PBXVariantGroup;
			children = (
				297DA9B6267C80AC00AC8088 /* Base */,
			);
			name = Main.storyboard;
			sourceTree = "<group>";
		};
		297DA9BA267C80AF00AC8088 /* LaunchScreen.storyboard */ = {
			isa = PBXVariantGroup;
			children = (
				297DA9BB267C80AF00AC8088 /* Base */,
			);
			name = LaunchScreen.storyboard;
			sourceTree = "<group>";
		};
/* End PBXVariantGroup section */

/* Begin XCBuildConfiguration section */
		297DA9BE267C80AF00AC8088 /* Debug */ = {
			isa = XCBuildConfiguration;
			buildSettings = {
				ALWAYS_SEARCH_USER_PATHS = NO;
				CLANG_ANALYZER_NONNULL = YES;
				CLANG_ANALYZER_NUMBER_OBJECT_CONVERSION = YES_AGGRESSIVE;
				CLANG_CXX_LANGUAGE_STANDARD = "gnu++14";
				CLANG_CXX_LIBRARY = "libc++";
				CLANG_ENABLE_MODULES = YES;
				CLANG_ENABLE_OBJC_ARC = YES;
				CLANG_ENABLE_OBJC_WEAK = YES;
				CLANG_WARN_BLOCK_CAPTURE_AUTORELEASING = YES;
				CLANG_WARN_BOOL_CONVERSION = YES;
				CLANG_WARN_COMMA = YES;
				CLANG_WARN_CONSTANT_CONVERSION = YES;
				CLANG_WARN_DEPRECATED_OBJC_IMPLEMENTATIONS = YES;
				CLANG_WARN_DIRECT_OBJC_ISA_USAGE = YES_ERROR;
				CLANG_WARN_DOCUMENTATION_COMMENTS = YES;
				CLANG_WARN_EMPTY_BODY = YES;
				CLANG_WARN_ENUM_CONVERSION = YES;
				CLANG_WARN_INFINITE_RECURSION = YES;
				CLANG_WARN_INT_CONVERSION = YES;
				CLANG_WARN_NON_LITERAL_NULL_CONVERSION = YES;
				CLANG_WARN_OBJC_IMPLICIT_RETAIN_SELF = YES;
				CLANG_WARN_OBJC_LITERAL_CONVERSION = YES;
				CLANG_WARN_OBJC_ROOT_CLASS = YES_ERROR;
				CLANG_WARN_QUOTED_INCLUDE_IN_FRAMEWORK_HEADER = YES;
				CLANG_WARN_RANGE_LOOP_ANALYSIS = YES;
				CLANG_WARN_STRICT_PROTOTYPES = YES;
				CLANG_WARN_SUSPICIOUS_MOVE = YES;
				CLANG_WARN_UNGUARDED_AVAILABILITY = YES_AGGRESSIVE;
				CLANG_WARN_UNREACHABLE_CODE = YES;
				CLANG_WARN__DUPLICATE_METHOD_MATCH = YES;
				COPY_PHASE_STRIP = NO;
				DEBUG_INFORMATION_FORMAT = dwarf;
				ENABLE_STRICT_OBJC_MSGSEND = YES;
				ENABLE_TESTABILITY = YES;
				GCC_C_LANGUAGE_STANDARD = gnu11;
				GCC_DYNAMIC_NO_PIC = NO;
				GCC_NO_COMMON_BLOCKS = YES;
				GCC_OPTIMIZATION_LEVEL = 0;
				GCC_PREPROCESSOR_DEFINITIONS = (
					"DEBUG=1",
					"$(inherited)",
				);
				GCC_WARN_64_TO_32_BIT_CONVERSION = YES;
				GCC_WARN_ABOUT_RETURN_TYPE = YES_ERROR;
				GCC_WARN_UNDECLARED_SELECTOR = YES;
				GCC_WARN_UNINITIALIZED_AUTOS = YES_AGGRESSIVE;
				GCC_WARN_UNUSED_FUNCTION = YES;
				GCC_WARN_UNUSED_VARIABLE = YES;
				IPHONEOS_DEPLOYMENT_TARGET = 14.5;
				MTL_ENABLE_DEBUG_INFO = INCLUDE_SOURCE;
				MTL_FAST_MATH = YES;
				ONLY_ACTIVE_ARCH = YES;
				SDKROOT = iphoneos;
				SWIFT_ACTIVE_COMPILATION_CONDITIONS = DEBUG;
				SWIFT_OPTIMIZATION_LEVEL = "-Onone";
			};
			name = Debug;
		};
		297DA9BF267C80AF00AC8088 /* Release */ = {
			isa = XCBuildConfiguration;
			buildSettings = {
				ALWAYS_SEARCH_USER_PATHS = NO;
				CLANG_ANALYZER_NONNULL = YES;
				CLANG_ANALYZER_NUMBER_OBJECT_CONVERSION = YES_AGGRESSIVE;
				CLANG_CXX_LANGUAGE_STANDARD = "gnu++14";
				CLANG_CXX_LIBRARY = "libc++";
				CLANG_ENABLE_MODULES = YES;
				CLANG_ENABLE_OBJC_ARC = YES;
				CLANG_ENABLE_OBJC_WEAK = YES;
				CLANG_WARN_BLOCK_CAPTURE_AUTORELEASING = YES;
				CLANG_WARN_BOOL_CONVERSION = YES;
				CLANG_WARN_COMMA = YES;
				CLANG_WARN_CONSTANT_CONVERSION = YES;
				CLANG_WARN_DEPRECATED_OBJC_IMPLEMENTATIONS = YES;
				CLANG_WARN_DIRECT_OBJC_ISA_USAGE = YES_ERROR;
				CLANG_WARN_DOCUMENTATION_COMMENTS = YES;
				CLANG_WARN_EMPTY_BODY = YES;
				CLANG_WARN_ENUM_CONVERSION = YES;
				CLANG_WARN_INFINITE_RECURSION = YES;
				CLANG_WARN_INT_CONVERSION = YES;
				CLANG_WARN_NON_LITERAL_NULL_CONVERSION = YES;
				CLANG_WARN_OBJC_IMPLICIT_RETAIN_SELF = YES;
				CLANG_WARN_OBJC_LITERAL_CONVERSION = YES;
				CLANG_WARN_OBJC_ROOT_CLASS = YES_ERROR;
				CLANG_WARN_QUOTED_INCLUDE_IN_FRAMEWORK_HEADER = YES;
				CLANG_WARN_RANGE_LOOP_ANALYSIS = YES;
				CLANG_WARN_STRICT_PROTOTYPES = YES;
				CLANG_WARN_SUSPICIOUS_MOVE = YES;
				CLANG_WARN_UNGUARDED_AVAILABILITY = YES_AGGRESSIVE;
				CLANG_WARN_UNREACHABLE_CODE = YES;
				CLANG_WARN__DUPLICATE_METHOD_MATCH = YES;
				COPY_PHASE_STRIP = NO;
				DEBUG_INFORMATION_FORMAT = "dwarf-with-dsym";
				ENABLE_NS_ASSERTIONS = NO;
				ENABLE_STRICT_OBJC_MSGSEND = YES;
				GCC_C_LANGUAGE_STANDARD = gnu11;
				GCC_NO_COMMON_BLOCKS = YES;
				GCC_WARN_64_TO_32_BIT_CONVERSION = YES;
				GCC_WARN_ABOUT_RETURN_TYPE = YES_ERROR;
				GCC_WARN_UNDECLARED_SELECTOR = YES;
				GCC_WARN_UNINITIALIZED_AUTOS = YES_AGGRESSIVE;
				GCC_WARN_UNUSED_FUNCTION = YES;
				GCC_WARN_UNUSED_VARIABLE = YES;
				IPHONEOS_DEPLOYMENT_TARGET = 14.5;
				MTL_ENABLE_DEBUG_INFO = NO;
				MTL_FAST_MATH = YES;
				SDKROOT = iphoneos;
				SWIFT_COMPILATION_MODE = wholemodule;
				SWIFT_OPTIMIZATION_LEVEL = "-O";
				VALIDATE_PRODUCT = YES;
			};
			name = Release;
		};
		297DA9C1267C80AF00AC8088 /* Debug */ = {
			isa = XCBuildConfiguration;
			baseConfigurationReference = E1CD73BDDDBE5699C575913F /* Pods-TotalityTask.debug.xcconfig */;
			buildSettings = {
				ASSETCATALOG_COMPILER_APPICON_NAME = AppIcon;
				ASSETCATALOG_COMPILER_GLOBAL_ACCENT_COLOR_NAME = AccentColor;
				CODE_SIGN_STYLE = Automatic;
				DEVELOPMENT_TEAM = VXNX9L29VQ;
				INFOPLIST_FILE = TotalityTask/Info.plist;
				LD_RUNPATH_SEARCH_PATHS = (
					"$(inherited)",
					"@executable_path/Frameworks",
				);
				PRODUCT_BUNDLE_IDENTIFIER = com.wayhike.TotalityTask;
				PRODUCT_NAME = "$(TARGET_NAME)";
				SWIFT_VERSION = 5.0;
				TARGETED_DEVICE_FAMILY = "1,2";
			};
			name = Debug;
		};
		297DA9C2267C80AF00AC8088 /* Release */ = {
			isa = XCBuildConfiguration;
			baseConfigurationReference = 532D57144ED0AB931838C85E /* Pods-TotalityTask.release.xcconfig */;
			buildSettings = {
				ASSETCATALOG_COMPILER_APPICON_NAME = AppIcon;
				ASSETCATALOG_COMPILER_GLOBAL_ACCENT_COLOR_NAME = AccentColor;
				CODE_SIGN_STYLE = Automatic;
				DEVELOPMENT_TEAM = VXNX9L29VQ;
				INFOPLIST_FILE = TotalityTask/Info.plist;
				LD_RUNPATH_SEARCH_PATHS = (
					"$(inherited)",
					"@executable_path/Frameworks",
				);
				PRODUCT_BUNDLE_IDENTIFIER = com.wayhike.TotalityTask;
				PRODUCT_NAME = "$(TARGET_NAME)";
				SWIFT_VERSION = 5.0;
				TARGETED_DEVICE_FAMILY = "1,2";
			};
			name = Release;
		};
/* End XCBuildConfiguration section */

/* Begin XCConfigurationList section */
		297DA9A7267C80AC00AC8088 /* Build configuration list for PBXProject "TotalityTask" */ = {
			isa = XCConfigurationList;
			buildConfigurations = (
				297DA9BE267C80AF00AC8088 /* Debug */,
				297DA9BF267C80AF00AC8088 /* Release */,
			);
			defaultConfigurationIsVisible = 0;
			defaultConfigurationName = Release;
		};
		297DA9C0267C80AF00AC8088 /* Build configuration list for PBXNativeTarget "TotalityTask" */ = {
			isa = XCConfigurationList;
			buildConfigurations = (
				297DA9C1267C80AF00AC8088 /* Debug */,
				297DA9C2267C80AF00AC8088 /* Release */,
			);
			defaultConfigurationIsVisible = 0;
			defaultConfigurationName = Release;
		};
/* End XCConfigurationList section */
	};
	rootObject = 297DA9A4267C80AC00AC8088 /* Project object */;
}
